
Microsoft Visual Studio Solution File, Format Version 12.00
# Visual Studio 2012
Project("{FAE04EC0-301F-11D3-BF4B-00C04F79EFBC}") = "EvalServiceLibrary", "EvalServiceLibrary\EvalServiceLibrary.csproj", "{15B3E0D2-6217-493A-A690-158C497F5318}"
EndProject
Project("{FAE04EC0-301F-11D3-BF4B-00C04F79EFBC}") = "ConsoleHostCode", "ConsoleHostCode\ConsoleHostCode.csproj", "{2B00338D-9098-4707-ADEE-133D1E68C487}"
EndProject
Project("{FAE04EC0-301F-11D3-BF4B-00C04F79EFBC}") = "ConsoleHostConfig", "ConsoleHostConfig\ConsoleHostConfig.csproj", "{C2FEF112-A7E1-4693-87E5-78E709694D10}"
EndProject
Project("{FAE04EC0-301F-11D3-BF4B-00C04F79EFBC}") = "Client", "Client\Client.csproj", "{BB1796C1-6E96-4211-9C2D-650DF5A0CF3E}"
EndProject
Global
	GlobalSection(SolutionConfigurationPlatforms) = preSolution
		Debug|Any CPU = Debug|Any CPU
		Release|Any CPU = Release|Any CPU
	EndGlobalSection
	GlobalSection(ProjectConfigurationPlatforms) = postSolution
		{15B3E0D2-6217-493A-A690-158C497F5318}.Debug|Any CPU.ActiveCfg = Debug|Any CPU
		{15B3E0D2-6217-493A-A690-158C497F5318}.Debug|Any CPU.Build.0 = Debug|Any CPU
		{15B3E0D2-6217-493A-A690-158C497F5318}.Release|Any CPU.ActiveCfg = Release|Any CPU
		{15B3E0D2-6217-493A-A690-158C497F5318}.Release|Any CPU.Build.0 = Release|Any CPU
		{2B00338D-9098-4707-ADEE-133D1E68C487}.Debug|Any CPU.ActiveCfg = Debug|Any CPU
		{2B00338D-9098-4707-ADEE-133D1E68C487}.Debug|Any CPU.Build.0 = Debug|Any CPU
		{2B00338D-9098-4707-ADEE-133D1E68C487}.Release|Any CPU.ActiveCfg = Release|Any CPU
		{2B00338D-9098-4707-ADEE-133D1E68C487}.Release|Any CPU.Build.0 = Release|Any CPU
		{C2FEF112-A7E1-4693-87E5-78E709694D10}.Debug|Any CPU.ActiveCfg = Debug|Any CPU
		{C2FEF112-A7E1-4693-87E5-78E709694D10}.Debug|Any CPU.Build.0 = Debug|Any CPU
		{C2FEF112-A7E1-4693-87E5-78E709694D10}.Release|Any CPU.ActiveCfg = Release|Any CPU
		{C2FEF112-A7E1-4693-87E5-78E709694D10}.Release|Any CPU.Build.0 = Release|Any CPU
		{BB1796C1-6E96-4211-9C2D-650DF5A0CF3E}.Debug|Any CPU.ActiveCfg = Debug|Any CPU
		{BB1796C1-6E96-4211-9C2D-650DF5A0CF3E}.Debug|Any CPU.Build.0 = Debug|Any CPU
		{BB1796C1-6E96-4211-9C2D-650DF5A0CF3E}.Release|Any CPU.ActiveCfg = Release|Any CPU
		{BB1796C1-6E96-4211-9C2D-650DF5A0CF3E}.Release|Any CPU.Build.0 = Release|Any CPU
	EndGlobalSection
	GlobalSection(SolutionProperties) = preSolution
		HideSolutionNode = FALSE
	EndGlobalSection
EndGlobal
